
Microsoft Visual Studio Solution File, Format Version 12.00
# Visual Studio Version 17
VisualStudioVersion = 17.0.31612.314
MinimumVisualStudioVersion = 10.0.40219.1
Project("{9A19103F-16F7-4668-BE54-9A1E7A4F7556}") = "TimeDateCalculatorDll", "TimeDateCalculator\TimeDateCalculator\TimeDateCalculatorDll.csproj", "{5CA41E7D-EF0A-406A-866A-0C16330181C1}"
EndProject
Project("{FAE04EC0-301F-11D3-BF4B-00C04F79EFBC}") = "TimeDateCalculator.Android", "TimeDateCalculator\TimeDateCalculator.Android\TimeDateCalculator.Android.csproj", "{6954F256-32A5-4DFA-9A31-ADF410C02129}"
EndProject
Project("{FAE04EC0-301F-11D3-BF4B-00C04F79EFBC}") = "TimeDateCalculator.iOS", "TimeDateCalculator\TimeDateCalculator.iOS\TimeDateCalculator.iOS.csproj", "{0A0A2B0F-8985-4638-84E4-B6376F0BC5C4}"
EndProject
Project("{FAE04EC0-301F-11D3-BF4B-00C04F79EFBC}") = "TimeDateCalculator.macOS", "TimeDateCalculator\TimeDateCalculator.macOS\TimeDateCalculator.macOS.csproj", "{5D03D8FF-F02A-4391-B362-84630BFE983F}"
EndProject
Project("{FAE04EC0-301F-11D3-BF4B-00C04F79EFBC}") = "TimeDateCalculator.UWP", "TimeDateCalculator\TimeDateCalculator.UWP\TimeDateCalculator.UWP.csproj", "{BC2D7C7D-FC5A-4583-9670-6C9762F54DC6}"
EndProject
Project("{FAE04EC0-301F-11D3-BF4B-00C04F79EFBC}") = "TimeDateCalculator.gtk", "TimeDateCalculator\TimeDateCalculator.gtk\TimeDateCalculator.gtk.csproj", "{08059BBF-9A77-4F71-9549-37AA9C30FCF5}"
EndProject
Project("{9A19103F-16F7-4668-BE54-9A1E7A4F7556}") = "TimeDateCalculator.tizen.Tizen.TV", "TimeDateCalculator\TimeDateCalculator.tizen\TimeDateCalculator.tizen.Tizen.TV\TimeDateCalculator.tizen.Tizen.TV.csproj", "{CBFF2190-4A7D-4F1B-A45B-936CC2931931}"
EndProject
Project("{9A19103F-16F7-4668-BE54-9A1E7A4F7556}") = "TimeDateCalculator.tizen", "TimeDateCalculator\TimeDateCalculator.tizen\TimeDateCalculator.tizen\TimeDateCalculator.tizen.csproj", "{B6E9F6C9-0BF6-4D2A-81FA-4650C5E9B0F3}"
EndProject
Project("{2150E333-8FDC-42A3-9474-1A3956D46DE8}") = "MajorMinorBuildRevisionNumbersXmlFile", "MajorMinorBuildRevisionNumbersXmlFile", "{59ACAC85-99C8-4567-9AE5-95AFE612A0E5}"
	ProjectSection(SolutionItems) = preProject
		TimeDateCalculator\MajorMinorBuildRevisionNumbers.xml = TimeDateCalculator\MajorMinorBuildRevisionNumbers.xml
	EndProjectSection
EndProject
Global
	GlobalSection(SolutionConfigurationPlatforms) = preSolution
		Ad-Hoc|Any CPU = Ad-Hoc|Any CPU
		Ad-Hoc|ARM = Ad-Hoc|ARM
		Ad-Hoc|iPhone = Ad-Hoc|iPhone
		Ad-Hoc|iPhoneSimulator = Ad-Hoc|iPhoneSimulator
		Ad-Hoc|x64 = Ad-Hoc|x64
		Ad-Hoc|x86 = Ad-Hoc|x86
		AppStore|Any CPU = AppStore|Any CPU
		AppStore|ARM = AppStore|ARM
		AppStore|iPhone = AppStore|iPhone
		AppStore|iPhoneSimulator = AppStore|iPhoneSimulator
		AppStore|x64 = AppStore|x64
		AppStore|x86 = AppStore|x86
		Debug|Any CPU = Debug|Any CPU
		Debug|ARM = Debug|ARM
		Debug|iPhone = Debug|iPhone
		Debug|iPhoneSimulator = Debug|iPhoneSimulator
		Debug|x64 = Debug|x64
		Debug|x86 = Debug|x86
		Release|Any CPU = Release|Any CPU
		Release|ARM = Release|ARM
		Release|iPhone = Release|iPhone
		Release|iPhoneSimulator = Release|iPhoneSimulator
		Release|x64 = Release|x64
		Release|x86 = Release|x86
	EndGlobalSection
	GlobalSection(ProjectConfigurationPlatforms) = postSolution
		{5CA41E7D-EF0A-406A-866A-0C16330181C1}.Ad-Hoc|Any CPU.ActiveCfg = Debug|Any CPU
		{5CA41E7D-EF0A-406A-866A-0C16330181C1}.Ad-Hoc|Any CPU.Build.0 = Debug|Any CPU
		{5CA41E7D-EF0A-406A-866A-0C16330181C1}.Ad-Hoc|ARM.ActiveCfg = Debug|Any CPU
		{5CA41E7D-EF0A-406A-866A-0C16330181C1}.Ad-Hoc|ARM.Build.0 = Debug|Any CPU
		{5CA41E7D-EF0A-406A-866A-0C16330181C1}.Ad-Hoc|iPhone.ActiveCfg = Debug|Any CPU
		{5CA41E7D-EF0A-406A-866A-0C16330181C1}.Ad-Hoc|iPhone.Build.0 = Debug|Any CPU
		{5CA41E7D-EF0A-406A-866A-0C16330181C1}.Ad-Hoc|iPhoneSimulator.ActiveCfg = Debug|Any CPU
		{5CA41E7D-EF0A-406A-866A-0C16330181C1}.Ad-Hoc|iPhoneSimulator.Build.0 = Debug|Any CPU
		{5CA41E7D-EF0A-406A-866A-0C16330181C1}.Ad-Hoc|x64.ActiveCfg = Debug|Any CPU
		{5CA41E7D-EF0A-406A-866A-0C16330181C1}.Ad-Hoc|x64.Build.0 = Debug|Any CPU
		{5CA41E7D-EF0A-406A-866A-0C16330181C1}.Ad-Hoc|x86.ActiveCfg = Debug|Any CPU
		{5CA41E7D-EF0A-406A-866A-0C16330181C1}.Ad-Hoc|x86.Build.0 = Debug|Any CPU
		{5CA41E7D-EF0A-406A-866A-0C16330181C1}.AppStore|Any CPU.ActiveCfg = Debug|Any CPU
		{5CA41E7D-EF0A-406A-866A-0C16330181C1}.AppStore|Any CPU.Build.0 = Debug|Any CPU
		{5CA41E7D-EF0A-406A-866A-0C16330181C1}.AppStore|ARM.ActiveCfg = Debug|Any CPU
		{5CA41E7D-EF0A-406A-866A-0C16330181C1}.AppStore|ARM.Build.0 = Debug|Any CPU
		{5CA41E7D-EF0A-406A-866A-0C16330181C1}.AppStore|iPhone.ActiveCfg = Debug|Any CPU
		{5CA41E7D-EF0A-406A-866A-0C16330181C1}.AppStore|iPhone.Build.0 = Debug|Any CPU
		{5CA41E7D-EF0A-406A-866A-0C16330181C1}.AppStore|iPhoneSimulator.ActiveCfg = Debug|Any CPU
		{5CA41E7D-EF0A-406A-866A-0C16330181C1}.AppStore|iPhoneSimulator.Build.0 = Debug|Any CPU
		{5CA41E7D-EF0A-406A-866A-0C16330181C1}.AppStore|x64.ActiveCfg = Debug|Any CPU
		{5CA41E7D-EF0A-406A-866A-0C16330181C1}.AppStore|x64.Build.0 = Debug|Any CPU
		{5CA41E7D-EF0A-406A-866A-0C16330181C1}.AppStore|x86.ActiveCfg = Debug|Any CPU
		{5CA41E7D-EF0A-406A-866A-0C16330181C1}.AppStore|x86.Build.0 = Debug|Any CPU
		{5CA41E7D-EF0A-406A-866A-0C16330181C1}.Debug|Any CPU.ActiveCfg = Debug|Any CPU
		{5CA41E7D-EF0A-406A-866A-0C16330181C1}.Debug|Any CPU.Build.0 = Debug|Any CPU
		{5CA41E7D-EF0A-406A-866A-0C16330181C1}.Debug|ARM.ActiveCfg = Debug|Any CPU
		{5CA41E7D-EF0A-406A-866A-0C16330181C1}.Debug|ARM.Build.0 = Debug|Any CPU
		{5CA41E7D-EF0A-406A-866A-0C16330181C1}.Debug|iPhone.ActiveCfg = Debug|Any CPU
		{5CA41E7D-EF0A-406A-866A-0C16330181C1}.Debug|iPhone.Build.0 = Debug|Any CPU
		{5CA41E7D-EF0A-406A-866A-0C16330181C1}.Debug|iPhoneSimulator.ActiveCfg = Debug|Any CPU
		{5CA41E7D-EF0A-406A-866A-0C16330181C1}.Debug|iPhoneSimulator.Build.0 = Debug|Any CPU
		{5CA41E7D-EF0A-406A-866A-0C16330181C1}.Debug|x64.ActiveCfg = Debug|Any CPU
		{5CA41E7D-EF0A-406A-866A-0C16330181C1}.Debug|x64.Build.0 = Debug|Any CPU
		{5CA41E7D-EF0A-406A-866A-0C16330181C1}.Debug|x86.ActiveCfg = Debug|Any CPU
		{5CA41E7D-EF0A-406A-866A-0C16330181C1}.Debug|x86.Build.0 = Debug|Any CPU
		{5CA41E7D-EF0A-406A-866A-0C16330181C1}.Release|Any CPU.ActiveCfg = Release|Any CPU
		{5CA41E7D-EF0A-406A-866A-0C16330181C1}.Release|Any CPU.Build.0 = Release|Any CPU
		{5CA41E7D-EF0A-406A-866A-0C16330181C1}.Release|ARM.ActiveCfg = Release|Any CPU
		{5CA41E7D-EF0A-406A-866A-0C16330181C1}.Release|ARM.Build.0 = Release|Any CPU
		{5CA41E7D-EF0A-406A-866A-0C16330181C1}.Release|iPhone.ActiveCfg = Release|Any CPU
		{5CA41E7D-EF0A-406A-866A-0C16330181C1}.Release|iPhone.Build.0 = Release|Any CPU
		{5CA41E7D-EF0A-406A-866A-0C16330181C1}.Release|iPhoneSimulator.ActiveCfg = Release|Any CPU
		{5CA41E7D-EF0A-406A-866A-0C16330181C1}.Release|iPhoneSimulator.Build.0 = Release|Any CPU
		{5CA41E7D-EF0A-406A-866A-0C16330181C1}.Release|x64.ActiveCfg = Release|Any CPU
		{5CA41E7D-EF0A-406A-866A-0C16330181C1}.Release|x64.Build.0 = Release|Any CPU
		{5CA41E7D-EF0A-406A-866A-0C16330181C1}.Release|x86.ActiveCfg = Release|Any CPU
		{5CA41E7D-EF0A-406A-866A-0C16330181C1}.Release|x86.Build.0 = Release|Any CPU
		{6954F256-32A5-4DFA-9A31-ADF410C02129}.Ad-Hoc|Any CPU.ActiveCfg = Debug|Any CPU
		{6954F256-32A5-4DFA-9A31-ADF410C02129}.Ad-Hoc|Any CPU.Build.0 = Debug|Any CPU
		{6954F256-32A5-4DFA-9A31-ADF410C02129}.Ad-Hoc|Any CPU.Deploy.0 = Debug|Any CPU
		{6954F256-32A5-4DFA-9A31-ADF410C02129}.Ad-Hoc|ARM.ActiveCfg = Debug|Any CPU
		{6954F256-32A5-4DFA-9A31-ADF410C02129}.Ad-Hoc|ARM.Build.0 = Debug|Any CPU
		{6954F256-32A5-4DFA-9A31-ADF410C02129}.Ad-Hoc|ARM.Deploy.0 = Debug|Any CPU
		{6954F256-32A5-4DFA-9A31-ADF410C02129}.Ad-Hoc|iPhone.ActiveCfg = Debug|Any CPU
		{6954F256-32A5-4DFA-9A31-ADF410C02129}.Ad-Hoc|iPhone.Build.0 = Debug|Any CPU
		{6954F256-32A5-4DFA-9A31-ADF410C02129}.Ad-Hoc|iPhone.Deploy.0 = Debug|Any CPU
		{6954F256-32A5-4DFA-9A31-ADF410C02129}.Ad-Hoc|iPhoneSimulator.ActiveCfg = Debug|Any CPU
		{6954F256-32A5-4DFA-9A31-ADF410C02129}.Ad-Hoc|iPhoneSimulator.Build.0 = Debug|Any CPU
		{6954F256-32A5-4DFA-9A31-ADF410C02129}.Ad-Hoc|iPhoneSimulator.Deploy.0 = Debug|Any CPU
		{6954F256-32A5-4DFA-9A31-ADF410C02129}.Ad-Hoc|x64.ActiveCfg = Debug|Any CPU
		{6954F256-32A5-4DFA-9A31-ADF410C02129}.Ad-Hoc|x64.Build.0 = Debug|Any CPU
		{6954F256-32A5-4DFA-9A31-ADF410C02129}.Ad-Hoc|x64.Deploy.0 = Debug|Any CPU
		{6954F256-32A5-4DFA-9A31-ADF410C02129}.Ad-Hoc|x86.ActiveCfg = Debug|Any CPU
		{6954F256-32A5-4DFA-9A31-ADF410C02129}.Ad-Hoc|x86.Build.0 = Debug|Any CPU
		{6954F256-32A5-4DFA-9A31-ADF410C02129}.Ad-Hoc|x86.Deploy.0 = Debug|Any CPU
		{6954F256-32A5-4DFA-9A31-ADF410C02129}.AppStore|Any CPU.ActiveCfg = Debug|Any CPU
		{6954F256-32A5-4DFA-9A31-ADF410C02129}.AppStore|Any CPU.Build.0 = Debug|Any CPU
		{6954F256-32A5-4DFA-9A31-ADF410C02129}.AppStore|Any CPU.Deploy.0 = Debug|Any CPU
		{6954F256-32A5-4DFA-9A31-ADF410C02129}.AppStore|ARM.ActiveCfg = Debug|Any CPU
		{6954F256-32A5-4DFA-9A31-ADF410C02129}.AppStore|ARM.Build.0 = Debug|Any CPU
		{6954F256-32A5-4DFA-9A31-ADF410C02129}.AppStore|ARM.Deploy.0 = Debug|Any CPU
		{6954F256-32A5-4DFA-9A31-ADF410C02129}.AppStore|iPhone.ActiveCfg = Debug|Any CPU
		{6954F256-32A5-4DFA-9A31-ADF410C02129}.AppStore|iPhone.Build.0 = Debug|Any CPU
		{6954F256-32A5-4DFA-9A31-ADF410C02129}.AppStore|iPhone.Deploy.0 = Debug|Any CPU
		{6954F256-32A5-4DFA-9A31-ADF410C02129}.AppStore|iPhoneSimulator.ActiveCfg = Debug|Any CPU
		{6954F256-32A5-4DFA-9A31-ADF410C02129}.AppStore|iPhoneSimulator.Build.0 = Debug|Any CPU
		{6954F256-32A5-4DFA-9A31-ADF410C02129}.AppStore|iPhoneSimulator.Deploy.0 = Debug|Any CPU
		{6954F256-32A5-4DFA-9A31-ADF410C02129}.AppStore|x64.ActiveCfg = Debug|Any CPU
		{6954F256-32A5-4DFA-9A31-ADF410C02129}.AppStore|x64.Build.0 = Debug|Any CPU
		{6954F256-32A5-4DFA-9A31-ADF410C02129}.AppStore|x64.Deploy.0 = Debug|Any CPU
		{6954F256-32A5-4DFA-9A31-ADF410C02129}.AppStore|x86.ActiveCfg = Debug|Any CPU
		{6954F256-32A5-4DFA-9A31-ADF410C02129}.AppStore|x86.Build.0 = Debug|Any CPU
		{6954F256-32A5-4DFA-9A31-ADF410C02129}.AppStore|x86.Deploy.0 = Debug|Any CPU
		{6954F256-32A5-4DFA-9A31-ADF410C02129}.Debug|Any CPU.ActiveCfg = Debug|Any CPU
		{6954F256-32A5-4DFA-9A31-ADF410C02129}.Debug|Any CPU.Build.0 = Debug|Any CPU
		{6954F256-32A5-4DFA-9A31-ADF410C02129}.Debug|Any CPU.Deploy.0 = Debug|Any CPU
		{6954F256-32A5-4DFA-9A31-ADF410C02129}.Debug|ARM.ActiveCfg = Debug|Any CPU
		{6954F256-32A5-4DFA-9A31-ADF410C02129}.Debug|ARM.Build.0 = Debug|Any CPU
		{6954F256-32A5-4DFA-9A31-ADF410C02129}.Debug|ARM.Deploy.0 = Debug|Any CPU
		{6954F256-32A5-4DFA-9A31-ADF410C02129}.Debug|iPhone.ActiveCfg = Debug|Any CPU
		{6954F256-32A5-4DFA-9A31-ADF410C02129}.Debug|iPhone.Build.0 = Debug|Any CPU
		{6954F256-32A5-4DFA-9A31-ADF410C02129}.Debug|iPhone.Deploy.0 = Debug|Any CPU
		{6954F256-32A5-4DFA-9A31-ADF410C02129}.Debug|iPhoneSimulator.ActiveCfg = Debug|Any CPU
		{6954F256-32A5-4DFA-9A31-ADF410C02129}.Debug|iPhoneSimulator.Build.0 = Debug|Any CPU
		{6954F256-32A5-4DFA-9A31-ADF410C02129}.Debug|iPhoneSimulator.Deploy.0 = Debug|Any CPU
		{6954F256-32A5-4DFA-9A31-ADF410C02129}.Debug|x64.ActiveCfg = Debug|Any CPU
		{6954F256-32A5-4DFA-9A31-ADF410C02129}.Debug|x64.Build.0 = Debug|Any CPU
		{6954F256-32A5-4DFA-9A31-ADF410C02129}.Debug|x64.Deploy.0 = Debug|Any CPU
		{6954F256-32A5-4DFA-9A31-ADF410C02129}.Debug|x86.ActiveCfg = Debug|Any CPU
		{6954F256-32A5-4DFA-9A31-ADF410C02129}.Debug|x86.Build.0 = Debug|Any CPU
		{6954F256-32A5-4DFA-9A31-ADF410C02129}.Debug|x86.Deploy.0 = Debug|Any CPU
		{6954F256-32A5-4DFA-9A31-ADF410C02129}.Release|Any CPU.ActiveCfg = Release|Any CPU
		{6954F256-32A5-4DFA-9A31-ADF410C02129}.Release|Any CPU.Build.0 = Release|Any CPU
		{6954F256-32A5-4DFA-9A31-ADF410C02129}.Release|Any CPU.Deploy.0 = Release|Any CPU
		{6954F256-32A5-4DFA-9A31-ADF410C02129}.Release|ARM.ActiveCfg = Release|Any CPU
		{6954F256-32A5-4DFA-9A31-ADF410C02129}.Release|ARM.Build.0 = Release|Any CPU
		{6954F256-32A5-4DFA-9A31-ADF410C02129}.Release|ARM.Deploy.0 = Release|Any CPU
		{6954F256-32A5-4DFA-9A31-ADF410C02129}.Release|iPhone.ActiveCfg = Release|Any CPU
		{6954F256-32A5-4DFA-9A31-ADF410C02129}.Release|iPhone.Build.0 = Release|Any CPU
		{6954F256-32A5-4DFA-9A31-ADF410C02129}.Release|iPhone.Deploy.0 = Release|Any CPU
		{6954F256-32A5-4DFA-9A31-ADF410C02129}.Release|iPhoneSimulator.ActiveCfg = Release|Any CPU
		{6954F256-32A5-4DFA-9A31-ADF410C02129}.Release|iPhoneSimulator.Build.0 = Release|Any CPU
		{6954F256-32A5-4DFA-9A31-ADF410C02129}.Release|iPhoneSimulator.Deploy.0 = Release|Any CPU
		{6954F256-32A5-4DFA-9A31-ADF410C02129}.Release|x64.ActiveCfg = Release|Any CPU
		{6954F256-32A5-4DFA-9A31-ADF410C02129}.Release|x64.Build.0 = Release|Any CPU
		{6954F256-32A5-4DFA-9A31-ADF410C02129}.Release|x64.Deploy.0 = Release|Any CPU
		{6954F256-32A5-4DFA-9A31-ADF410C02129}.Release|x86.ActiveCfg = Release|Any CPU
		{6954F256-32A5-4DFA-9A31-ADF410C02129}.Release|x86.Build.0 = Release|Any CPU
		{6954F256-32A5-4DFA-9A31-ADF410C02129}.Release|x86.Deploy.0 = Release|Any CPU
		{0A0A2B0F-8985-4638-84E4-B6376F0BC5C4}.Ad-Hoc|Any CPU.ActiveCfg = Ad-Hoc|iPhoneSimulator
		{0A0A2B0F-8985-4638-84E4-B6376F0BC5C4}.Ad-Hoc|ARM.ActiveCfg = Ad-Hoc|iPhoneSimulator
		{0A0A2B0F-8985-4638-84E4-B6376F0BC5C4}.Ad-Hoc|iPhone.ActiveCfg = Ad-Hoc|iPhone
		{0A0A2B0F-8985-4638-84E4-B6376F0BC5C4}.Ad-Hoc|iPhone.Build.0 = Ad-Hoc|iPhone
		{0A0A2B0F-8985-4638-84E4-B6376F0BC5C4}.Ad-Hoc|iPhoneSimulator.ActiveCfg = Ad-Hoc|iPhoneSimulator
		{0A0A2B0F-8985-4638-84E4-B6376F0BC5C4}.Ad-Hoc|iPhoneSimulator.Build.0 = Ad-Hoc|iPhoneSimulator
		{0A0A2B0F-8985-4638-84E4-B6376F0BC5C4}.Ad-Hoc|x64.ActiveCfg = Ad-Hoc|iPhoneSimulator
		{0A0A2B0F-8985-4638-84E4-B6376F0BC5C4}.Ad-Hoc|x86.ActiveCfg = Ad-Hoc|iPhoneSimulator
		{0A0A2B0F-8985-4638-84E4-B6376F0BC5C4}.AppStore|Any CPU.ActiveCfg = AppStore|iPhoneSimulator
		{0A0A2B0F-8985-4638-84E4-B6376F0BC5C4}.AppStore|ARM.ActiveCfg = AppStore|iPhoneSimulator
		{0A0A2B0F-8985-4638-84E4-B6376F0BC5C4}.AppStore|iPhone.ActiveCfg = AppStore|iPhone
		{0A0A2B0F-8985-4638-84E4-B6376F0BC5C4}.AppStore|iPhone.Build.0 = AppStore|iPhone
		{0A0A2B0F-8985-4638-84E4-B6376F0BC5C4}.AppStore|iPhoneSimulator.ActiveCfg = AppStore|iPhoneSimulator
		{0A0A2B0F-8985-4638-84E4-B6376F0BC5C4}.AppStore|iPhoneSimulator.Build.0 = AppStore|iPhoneSimulator
		{0A0A2B0F-8985-4638-84E4-B6376F0BC5C4}.AppStore|x64.ActiveCfg = AppStore|iPhoneSimulator
		{0A0A2B0F-8985-4638-84E4-B6376F0BC5C4}.AppStore|x86.ActiveCfg = AppStore|iPhoneSimulator
		{0A0A2B0F-8985-4638-84E4-B6376F0BC5C4}.Debug|Any CPU.ActiveCfg = Debug|iPhoneSimulator
		{0A0A2B0F-8985-4638-84E4-B6376F0BC5C4}.Debug|ARM.ActiveCfg = Debug|iPhoneSimulator
		{0A0A2B0F-8985-4638-84E4-B6376F0BC5C4}.Debug|iPhone.ActiveCfg = Debug|iPhone
		{0A0A2B0F-8985-4638-84E4-B6376F0BC5C4}.Debug|iPhone.Build.0 = Debug|iPhone
		{0A0A2B0F-8985-4638-84E4-B6376F0BC5C4}.Debug|iPhone.Deploy.0 = Debug|iPhone
		{0A0A2B0F-8985-4638-84E4-B6376F0BC5C4}.Debug|iPhoneSimulator.ActiveCfg = Debug|iPhoneSimulator
		{0A0A2B0F-8985-4638-84E4-B6376F0BC5C4}.Debug|iPhoneSimulator.Build.0 = Debug|iPhoneSimulator
		{0A0A2B0F-8985-4638-84E4-B6376F0BC5C4}.Debug|iPhoneSimulator.Deploy.0 = Debug|iPhoneSimulator
		{0A0A2B0F-8985-4638-84E4-B6376F0BC5C4}.Debug|x64.ActiveCfg = Debug|iPhoneSimulator
		{0A0A2B0F-8985-4638-84E4-B6376F0BC5C4}.Debug|x86.ActiveCfg = Debug|iPhoneSimulator
		{0A0A2B0F-8985-4638-84E4-B6376F0BC5C4}.Release|Any CPU.ActiveCfg = Release|iPhoneSimulator
		{0A0A2B0F-8985-4638-84E4-B6376F0BC5C4}.Release|ARM.ActiveCfg = Release|iPhoneSimulator
		{0A0A2B0F-8985-4638-84E4-B6376F0BC5C4}.Release|iPhone.ActiveCfg = Release|iPhone
		{0A0A2B0F-8985-4638-84E4-B6376F0BC5C4}.Release|iPhone.Build.0 = Release|iPhone
		{0A0A2B0F-8985-4638-84E4-B6376F0BC5C4}.Release|iPhone.Deploy.0 = Release|iPhone
		{0A0A2B0F-8985-4638-84E4-B6376F0BC5C4}.Release|iPhoneSimulator.ActiveCfg = Release|iPhoneSimulator
		{0A0A2B0F-8985-4638-84E4-B6376F0BC5C4}.Release|iPhoneSimulator.Build.0 = Release|iPhoneSimulator
		{0A0A2B0F-8985-4638-84E4-B6376F0BC5C4}.Release|iPhoneSimulator.Deploy.0 = Release|iPhoneSimulator
		{0A0A2B0F-8985-4638-84E4-B6376F0BC5C4}.Release|x64.ActiveCfg = Release|iPhoneSimulator
		{0A0A2B0F-8985-4638-84E4-B6376F0BC5C4}.Release|x86.ActiveCfg = Release|iPhoneSimulator
		{5D03D8FF-F02A-4391-B362-84630BFE983F}.Ad-Hoc|Any CPU.ActiveCfg = Debug|x64
		{5D03D8FF-F02A-4391-B362-84630BFE983F}.Ad-Hoc|Any CPU.Build.0 = Debug|x64
		{5D03D8FF-F02A-4391-B362-84630BFE983F}.Ad-Hoc|ARM.ActiveCfg = Debug|x64
		{5D03D8FF-F02A-4391-B362-84630BFE983F}.Ad-Hoc|ARM.Build.0 = Debug|x64
		{5D03D8FF-F02A-4391-B362-84630BFE983F}.Ad-Hoc|iPhone.ActiveCfg = Debug|x64
		{5D03D8FF-F02A-4391-B362-84630BFE983F}.Ad-Hoc|iPhone.Build.0 = Debug|x64
		{5D03D8FF-F02A-4391-B362-84630BFE983F}.Ad-Hoc|iPhoneSimulator.ActiveCfg = Debug|x64
		{5D03D8FF-F02A-4391-B362-84630BFE983F}.Ad-Hoc|iPhoneSimulator.Build.0 = Debug|x64
		{5D03D8FF-F02A-4391-B362-84630BFE983F}.Ad-Hoc|x64.ActiveCfg = Debug|x64
		{5D03D8FF-F02A-4391-B362-84630BFE983F}.Ad-Hoc|x64.Build.0 = Debug|x64
		{5D03D8FF-F02A-4391-B362-84630BFE983F}.Ad-Hoc|x86.ActiveCfg = Debug|x64
		{5D03D8FF-F02A-4391-B362-84630BFE983F}.Ad-Hoc|x86.Build.0 = Debug|x64
		{5D03D8FF-F02A-4391-B362-84630BFE983F}.AppStore|Any CPU.ActiveCfg = Debug|x64
		{5D03D8FF-F02A-4391-B362-84630BFE983F}.AppStore|Any CPU.Build.0 = Debug|x64
		{5D03D8FF-F02A-4391-B362-84630BFE983F}.AppStore|ARM.ActiveCfg = Debug|x64
		{5D03D8FF-F02A-4391-B362-84630BFE983F}.AppStore|ARM.Build.0 = Debug|x64
		{5D03D8FF-F02A-4391-B362-84630BFE983F}.AppStore|iPhone.ActiveCfg = Debug|x64
		{5D03D8FF-F02A-4391-B362-84630BFE983F}.AppStore|iPhone.Build.0 = Debug|x64
		{5D03D8FF-F02A-4391-B362-84630BFE983F}.AppStore|iPhoneSimulator.ActiveCfg = Debug|x64
		{5D03D8FF-F02A-4391-B362-84630BFE983F}.AppStore|iPhoneSimulator.Build.0 = Debug|x64
		{5D03D8FF-F02A-4391-B362-84630BFE983F}.AppStore|x64.ActiveCfg = Debug|x64
		{5D03D8FF-F02A-4391-B362-84630BFE983F}.AppStore|x64.Build.0 = Debug|x64
		{5D03D8FF-F02A-4391-B362-84630BFE983F}.AppStore|x86.ActiveCfg = Debug|x64
		{5D03D8FF-F02A-4391-B362-84630BFE983F}.AppStore|x86.Build.0 = Debug|x64
		{5D03D8FF-F02A-4391-B362-84630BFE983F}.Debug|Any CPU.ActiveCfg = Debug|x64
		{5D03D8FF-F02A-4391-B362-84630BFE983F}.Debug|ARM.ActiveCfg = Debug|x64
		{5D03D8FF-F02A-4391-B362-84630BFE983F}.Debug|iPhone.ActiveCfg = Debug|x64
		{5D03D8FF-F02A-4391-B362-84630BFE983F}.Debug|iPhoneSimulator.ActiveCfg = Debug|x64
		{5D03D8FF-F02A-4391-B362-84630BFE983F}.Debug|x64.ActiveCfg = Debug|x64
		{5D03D8FF-F02A-4391-B362-84630BFE983F}.Debug|x64.Build.0 = Debug|x64
		{5D03D8FF-F02A-4391-B362-84630BFE983F}.Debug|x86.ActiveCfg = Debug|x64
		{5D03D8FF-F02A-4391-B362-84630BFE983F}.Release|Any CPU.ActiveCfg = Release|x64
		{5D03D8FF-F02A-4391-B362-84630BFE983F}.Release|ARM.ActiveCfg = Release|x64
		{5D03D8FF-F02A-4391-B362-84630BFE983F}.Release|iPhone.ActiveCfg = Release|x64
		{5D03D8FF-F02A-4391-B362-84630BFE983F}.Release|iPhoneSimulator.ActiveCfg = Release|x64
		{5D03D8FF-F02A-4391-B362-84630BFE983F}.Release|x64.ActiveCfg = Release|x64
		{5D03D8FF-F02A-4391-B362-84630BFE983F}.Release|x64.Build.0 = Release|x64
		{5D03D8FF-F02A-4391-B362-84630BFE983F}.Release|x86.ActiveCfg = Release|x64
		{BC2D7C7D-FC5A-4583-9670-6C9762F54DC6}.Ad-Hoc|Any CPU.ActiveCfg = Debug|ARM
		{BC2D7C7D-FC5A-4583-9670-6C9762F54DC6}.Ad-Hoc|Any CPU.Build.0 = Debug|ARM
		{BC2D7C7D-FC5A-4583-9670-6C9762F54DC6}.Ad-Hoc|Any CPU.Deploy.0 = Debug|ARM
		{BC2D7C7D-FC5A-4583-9670-6C9762F54DC6}.Ad-Hoc|ARM.ActiveCfg = Debug|ARM
		{BC2D7C7D-FC5A-4583-9670-6C9762F54DC6}.Ad-Hoc|ARM.Build.0 = Debug|ARM
		{BC2D7C7D-FC5A-4583-9670-6C9762F54DC6}.Ad-Hoc|ARM.Deploy.0 = Debug|ARM
		{BC2D7C7D-FC5A-4583-9670-6C9762F54DC6}.Ad-Hoc|iPhone.ActiveCfg = Debug|ARM
		{BC2D7C7D-FC5A-4583-9670-6C9762F54DC6}.Ad-Hoc|iPhone.Build.0 = Debug|ARM
		{BC2D7C7D-FC5A-4583-9670-6C9762F54DC6}.Ad-Hoc|iPhone.Deploy.0 = Debug|ARM
		{BC2D7C7D-FC5A-4583-9670-6C9762F54DC6}.Ad-Hoc|iPhoneSimulator.ActiveCfg = Debug|ARM
		{BC2D7C7D-FC5A-4583-9670-6C9762F54DC6}.Ad-Hoc|iPhoneSimulator.Build.0 = Debug|ARM
		{BC2D7C7D-FC5A-4583-9670-6C9762F54DC6}.Ad-Hoc|iPhoneSimulator.Deploy.0 = Debug|ARM
		{BC2D7C7D-FC5A-4583-9670-6C9762F54DC6}.Ad-Hoc|x64.ActiveCfg = Debug|x64
		{BC2D7C7D-FC5A-4583-9670-6C9762F54DC6}.Ad-Hoc|x64.Build.0 = Debug|x64
		{BC2D7C7D-FC5A-4583-9670-6C9762F54DC6}.Ad-Hoc|x64.Deploy.0 = Debug|x64
		{BC2D7C7D-FC5A-4583-9670-6C9762F54DC6}.Ad-Hoc|x86.ActiveCfg = Debug|x86
		{BC2D7C7D-FC5A-4583-9670-6C9762F54DC6}.Ad-Hoc|x86.Build.0 = Debug|x86
		{BC2D7C7D-FC5A-4583-9670-6C9762F54DC6}.Ad-Hoc|x86.Deploy.0 = Debug|x86
		{BC2D7C7D-FC5A-4583-9670-6C9762F54DC6}.AppStore|Any CPU.ActiveCfg = Debug|ARM
		{BC2D7C7D-FC5A-4583-9670-6C9762F54DC6}.AppStore|Any CPU.Build.0 = Debug|ARM
		{BC2D7C7D-FC5A-4583-9670-6C9762F54DC6}.AppStore|Any CPU.Deploy.0 = Debug|ARM
		{BC2D7C7D-FC5A-4583-9670-6C9762F54DC6}.AppStore|ARM.ActiveCfg = Debug|ARM
		{BC2D7C7D-FC5A-4583-9670-6C9762F54DC6}.AppStore|ARM.Build.0 = Debug|ARM
		{BC2D7C7D-FC5A-4583-9670-6C9762F54DC6}.AppStore|ARM.Deploy.0 = Debug|ARM
		{BC2D7C7D-FC5A-4583-9670-6C9762F54DC6}.AppStore|iPhone.ActiveCfg = Debug|ARM
		{BC2D7C7D-FC5A-4583-9670-6C9762F54DC6}.AppStore|iPhone.Build.0 = Debug|ARM
		{BC2D7C7D-FC5A-4583-9670-6C9762F54DC6}.AppStore|iPhone.Deploy.0 = Debug|ARM
		{BC2D7C7D-FC5A-4583-9670-6C9762F54DC6}.AppStore|iPhoneSimulator.ActiveCfg = Debug|ARM
		{BC2D7C7D-FC5A-4583-9670-6C9762F54DC6}.AppStore|iPhoneSimulator.Build.0 = Debug|ARM
		{BC2D7C7D-FC5A-4583-9670-6C9762F54DC6}.AppStore|iPhoneSimulator.Deploy.0 = Debug|ARM
		{BC2D7C7D-FC5A-4583-9670-6C9762F54DC6}.AppStore|x64.ActiveCfg = Debug|x64
		{BC2D7C7D-FC5A-4583-9670-6C9762F54DC6}.AppStore|x64.Build.0 = Debug|x64
		{BC2D7C7D-FC5A-4583-9670-6C9762F54DC6}.AppStore|x64.Deploy.0 = Debug|x64
		{BC2D7C7D-FC5A-4583-9670-6C9762F54DC6}.AppStore|x86.ActiveCfg = Debug|x86
		{BC2D7C7D-FC5A-4583-9670-6C9762F54DC6}.AppStore|x86.Build.0 = Debug|x86
		{BC2D7C7D-FC5A-4583-9670-6C9762F54DC6}.AppStore|x86.Deploy.0 = Debug|x86
		{BC2D7C7D-FC5A-4583-9670-6C9762F54DC6}.Debug|Any CPU.ActiveCfg = Debug|x64
		{BC2D7C7D-FC5A-4583-9670-6C9762F54DC6}.Debug|Any CPU.Build.0 = Debug|x64
		{BC2D7C7D-FC5A-4583-9670-6C9762F54DC6}.Debug|Any CPU.Deploy.0 = Debug|x64
		{BC2D7C7D-FC5A-4583-9670-6C9762F54DC6}.Debug|ARM.ActiveCfg = Debug|ARM
		{BC2D7C7D-FC5A-4583-9670-6C9762F54DC6}.Debug|ARM.Build.0 = Debug|ARM
		{BC2D7C7D-FC5A-4583-9670-6C9762F54DC6}.Debug|ARM.Deploy.0 = Debug|ARM
		{BC2D7C7D-FC5A-4583-9670-6C9762F54DC6}.Debug|iPhone.ActiveCfg = Debug|x86
		{BC2D7C7D-FC5A-4583-9670-6C9762F54DC6}.Debug|iPhoneSimulator.ActiveCfg = Debug|x86
		{BC2D7C7D-FC5A-4583-9670-6C9762F54DC6}.Debug|x64.ActiveCfg = Debug|x64
		{BC2D7C7D-FC5A-4583-9670-6C9762F54DC6}.Debug|x64.Build.0 = Debug|x64
		{BC2D7C7D-FC5A-4583-9670-6C9762F54DC6}.Debug|x64.Deploy.0 = Debug|x64
		{BC2D7C7D-FC5A-4583-9670-6C9762F54DC6}.Debug|x86.ActiveCfg = Debug|x86
		{BC2D7C7D-FC5A-4583-9670-6C9762F54DC6}.Debug|x86.Build.0 = Debug|x86
		{BC2D7C7D-FC5A-4583-9670-6C9762F54DC6}.Debug|x86.Deploy.0 = Debug|x86
		{BC2D7C7D-FC5A-4583-9670-6C9762F54DC6}.Release|Any CPU.ActiveCfg = Release|x64
		{BC2D7C7D-FC5A-4583-9670-6C9762F54DC6}.Release|Any CPU.Build.0 = Release|x64
		{BC2D7C7D-FC5A-4583-9670-6C9762F54DC6}.Release|Any CPU.Deploy.0 = Release|x64
		{BC2D7C7D-FC5A-4583-9670-6C9762F54DC6}.Release|ARM.ActiveCfg = Release|ARM
		{BC2D7C7D-FC5A-4583-9670-6C9762F54DC6}.Release|ARM.Build.0 = Release|ARM
		{BC2D7C7D-FC5A-4583-9670-6C9762F54DC6}.Release|ARM.Deploy.0 = Release|ARM
		{BC2D7C7D-FC5A-4583-9670-6C9762F54DC6}.Release|iPhone.ActiveCfg = Release|x86
		{BC2D7C7D-FC5A-4583-9670-6C9762F54DC6}.Release|iPhoneSimulator.ActiveCfg = Release|x86
		{BC2D7C7D-FC5A-4583-9670-6C9762F54DC6}.Release|x64.ActiveCfg = Release|x64
		{BC2D7C7D-FC5A-4583-9670-6C9762F54DC6}.Release|x64.Build.0 = Release|x64
		{BC2D7C7D-FC5A-4583-9670-6C9762F54DC6}.Release|x64.Deploy.0 = Release|x64
		{BC2D7C7D-FC5A-4583-9670-6C9762F54DC6}.Release|x86.ActiveCfg = Release|x86
		{BC2D7C7D-FC5A-4583-9670-6C9762F54DC6}.Release|x86.Build.0 = Release|x86
		{BC2D7C7D-FC5A-4583-9670-6C9762F54DC6}.Release|x86.Deploy.0 = Release|x86
		{08059BBF-9A77-4F71-9549-37AA9C30FCF5}.Ad-Hoc|Any CPU.ActiveCfg = Debug|Any CPU
		{08059BBF-9A77-4F71-9549-37AA9C30FCF5}.Ad-Hoc|Any CPU.Build.0 = Debug|Any CPU
		{08059BBF-9A77-4F71-9549-37AA9C30FCF5}.Ad-Hoc|ARM.ActiveCfg = Debug|Any CPU
		{08059BBF-9A77-4F71-9549-37AA9C30FCF5}.Ad-Hoc|ARM.Build.0 = Debug|Any CPU
		{08059BBF-9A77-4F71-9549-37AA9C30FCF5}.Ad-Hoc|iPhone.ActiveCfg = Debug|Any CPU
		{08059BBF-9A77-4F71-9549-37AA9C30FCF5}.Ad-Hoc|iPhone.Build.0 = Debug|Any CPU
		{08059BBF-9A77-4F71-9549-37AA9C30FCF5}.Ad-Hoc|iPhoneSimulator.ActiveCfg = Debug|Any CPU
		{08059BBF-9A77-4F71-9549-37AA9C30FCF5}.Ad-Hoc|iPhoneSimulator.Build.0 = Debug|Any CPU
		{08059BBF-9A77-4F71-9549-37AA9C30FCF5}.Ad-Hoc|x64.ActiveCfg = Debug|Any CPU
		{08059BBF-9A77-4F71-9549-37AA9C30FCF5}.Ad-Hoc|x64.Build.0 = Debug|Any CPU
		{08059BBF-9A77-4F71-9549-37AA9C30FCF5}.Ad-Hoc|x86.ActiveCfg = Debug|Any CPU
		{08059BBF-9A77-4F71-9549-37AA9C30FCF5}.Ad-Hoc|x86.Build.0 = Debug|Any CPU
		{08059BBF-9A77-4F71-9549-37AA9C30FCF5}.AppStore|Any CPU.ActiveCfg = Debug|Any CPU
		{08059BBF-9A77-4F71-9549-37AA9C30FCF5}.AppStore|Any CPU.Build.0 = Debug|Any CPU
		{08059BBF-9A77-4F71-9549-37AA9C30FCF5}.AppStore|ARM.ActiveCfg = Debug|Any CPU
		{08059BBF-9A77-4F71-9549-37AA9C30FCF5}.AppStore|ARM.Build.0 = Debug|Any CPU
		{08059BBF-9A77-4F71-9549-37AA9C30FCF5}.AppStore|iPhone.ActiveCfg = Debug|Any CPU
		{08059BBF-9A77-4F71-9549-37AA9C30FCF5}.AppStore|iPhone.Build.0 = Debug|Any CPU
		{08059BBF-9A77-4F71-9549-37AA9C30FCF5}.AppStore|iPhoneSimulator.ActiveCfg = Debug|Any CPU
		{08059BBF-9A77-4F71-9549-37AA9C30FCF5}.AppStore|iPhoneSimulator.Build.0 = Debug|Any CPU
		{08059BBF-9A77-4F71-9549-37AA9C30FCF5}.AppStore|x64.ActiveCfg = Debug|Any CPU
		{08059BBF-9A77-4F71-9549-37AA9C30FCF5}.AppStore|x64.Build.0 = Debug|Any CPU
		{08059BBF-9A77-4F71-9549-37AA9C30FCF5}.AppStore|x86.ActiveCfg = Debug|Any CPU
		{08059BBF-9A77-4F71-9549-37AA9C30FCF5}.AppStore|x86.Build.0 = Debug|Any CPU
		{08059BBF-9A77-4F71-9549-37AA9C30FCF5}.Debug|Any CPU.ActiveCfg = Debug|Any CPU
		{08059BBF-9A77-4F71-9549-37AA9C30FCF5}.Debug|Any CPU.Build.0 = Debug|Any CPU
		{08059BBF-9A77-4F71-9549-37AA9C30FCF5}.Debug|ARM.ActiveCfg = Debug|Any CPU
		{08059BBF-9A77-4F71-9549-37AA9C30FCF5}.Debug|ARM.Build.0 = Debug|Any CPU
		{08059BBF-9A77-4F71-9549-37AA9C30FCF5}.Debug|iPhone.ActiveCfg = Debug|Any CPU
		{08059BBF-9A77-4F71-9549-37AA9C30FCF5}.Debug|iPhone.Build.0 = Debug|Any CPU
		{08059BBF-9A77-4F71-9549-37AA9C30FCF5}.Debug|iPhoneSimulator.ActiveCfg = Debug|Any CPU
		{08059BBF-9A77-4F71-9549-37AA9C30FCF5}.Debug|iPhoneSimulator.Build.0 = Debug|Any CPU
		{08059BBF-9A77-4F71-9549-37AA9C30FCF5}.Debug|x64.ActiveCfg = Debug|Any CPU
		{08059BBF-9A77-4F71-9549-37AA9C30FCF5}.Debug|x64.Build.0 = Debug|Any CPU
		{08059BBF-9A77-4F71-9549-37AA9C30FCF5}.Debug|x86.ActiveCfg = Debug|Any CPU
		{08059BBF-9A77-4F71-9549-37AA9C30FCF5}.Debug|x86.Build.0 = Debug|Any CPU
		{08059BBF-9A77-4F71-9549-37AA9C30FCF5}.Release|Any CPU.ActiveCfg = Release|Any CPU
		{08059BBF-9A77-4F71-9549-37AA9C30FCF5}.Release|Any CPU.Build.0 = Release|Any CPU
		{08059BBF-9A77-4F71-9549-37AA9C30FCF5}.Release|ARM.ActiveCfg = Release|Any CPU
		{08059BBF-9A77-4F71-9549-37AA9C30FCF5}.Release|ARM.Build.0 = Release|Any CPU
		{08059BBF-9A77-4F71-9549-37AA9C30FCF5}.Release|iPhone.ActiveCfg = Release|Any CPU
		{08059BBF-9A77-4F71-9549-37AA9C30FCF5}.Release|iPhone.Build.0 = Release|Any CPU
		{08059BBF-9A77-4F71-9549-37AA9C30FCF5}.Release|iPhoneSimulator.ActiveCfg = Release|Any CPU
		{08059BBF-9A77-4F71-9549-37AA9C30FCF5}.Release|iPhoneSimulator.Build.0 = Release|Any CPU
		{08059BBF-9A77-4F71-9549-37AA9C30FCF5}.Release|x64.ActiveCfg = Release|Any CPU
		{08059BBF-9A77-4F71-9549-37AA9C30FCF5}.Release|x64.Build.0 = Release|Any CPU
		{08059BBF-9A77-4F71-9549-37AA9C30FCF5}.Release|x86.ActiveCfg = Release|Any CPU
		{08059BBF-9A77-4F71-9549-37AA9C30FCF5}.Release|x86.Build.0 = Release|Any CPU
		{CBFF2190-4A7D-4F1B-A45B-936CC2931931}.Ad-Hoc|Any CPU.ActiveCfg = Debug|Any CPU
		{CBFF2190-4A7D-4F1B-A45B-936CC2931931}.Ad-Hoc|Any CPU.Build.0 = Debug|Any CPU
		{CBFF2190-4A7D-4F1B-A45B-936CC2931931}.Ad-Hoc|ARM.ActiveCfg = Debug|Any CPU
		{CBFF2190-4A7D-4F1B-A45B-936CC2931931}.Ad-Hoc|ARM.Build.0 = Debug|Any CPU
		{CBFF2190-4A7D-4F1B-A45B-936CC2931931}.Ad-Hoc|iPhone.ActiveCfg = Debug|Any CPU
		{CBFF2190-4A7D-4F1B-A45B-936CC2931931}.Ad-Hoc|iPhone.Build.0 = Debug|Any CPU
		{CBFF2190-4A7D-4F1B-A45B-936CC2931931}.Ad-Hoc|iPhoneSimulator.ActiveCfg = Debug|Any CPU
		{CBFF2190-4A7D-4F1B-A45B-936CC2931931}.Ad-Hoc|iPhoneSimulator.Build.0 = Debug|Any CPU
		{CBFF2190-4A7D-4F1B-A45B-936CC2931931}.Ad-Hoc|x64.ActiveCfg = Debug|Any CPU
		{CBFF2190-4A7D-4F1B-A45B-936CC2931931}.Ad-Hoc|x64.Build.0 = Debug|Any CPU
		{CBFF2190-4A7D-4F1B-A45B-936CC2931931}.Ad-Hoc|x86.ActiveCfg = Debug|Any CPU
		{CBFF2190-4A7D-4F1B-A45B-936CC2931931}.Ad-Hoc|x86.Build.0 = Debug|Any CPU
		{CBFF2190-4A7D-4F1B-A45B-936CC2931931}.AppStore|Any CPU.ActiveCfg = Debug|Any CPU
		{CBFF2190-4A7D-4F1B-A45B-936CC2931931}.AppStore|Any CPU.Build.0 = Debug|Any CPU
		{CBFF2190-4A7D-4F1B-A45B-936CC2931931}.AppStore|ARM.ActiveCfg = Debug|Any CPU
		{CBFF2190-4A7D-4F1B-A45B-936CC2931931}.AppStore|ARM.Build.0 = Debug|Any CPU
		{CBFF2190-4A7D-4F1B-A45B-936CC2931931}.AppStore|iPhone.ActiveCfg = Debug|Any CPU
		{CBFF2190-4A7D-4F1B-A45B-936CC2931931}.AppStore|iPhone.Build.0 = Debug|Any CPU
		{CBFF2190-4A7D-4F1B-A45B-936CC2931931}.AppStore|iPhoneSimulator.ActiveCfg = Debug|Any CPU
		{CBFF2190-4A7D-4F1B-A45B-936CC2931931}.AppStore|iPhoneSimulator.Build.0 = Debug|Any CPU
		{CBFF2190-4A7D-4F1B-A45B-936CC2931931}.AppStore|x64.ActiveCfg = Debug|Any CPU
		{CBFF2190-4A7D-4F1B-A45B-936CC2931931}.AppStore|x64.Build.0 = Debug|Any CPU
		{CBFF2190-4A7D-4F1B-A45B-936CC2931931}.AppStore|x86.ActiveCfg = Debug|Any CPU
		{CBFF2190-4A7D-4F1B-A45B-936CC2931931}.AppStore|x86.Build.0 = Debug|Any CPU
		{CBFF2190-4A7D-4F1B-A45B-936CC2931931}.Debug|Any CPU.ActiveCfg = Debug|Any CPU
		{CBFF2190-4A7D-4F1B-A45B-936CC2931931}.Debug|Any CPU.Build.0 = Debug|Any CPU
		{CBFF2190-4A7D-4F1B-A45B-936CC2931931}.Debug|ARM.ActiveCfg = Debug|Any CPU
		{CBFF2190-4A7D-4F1B-A45B-936CC2931931}.Debug|ARM.Build.0 = Debug|Any CPU
		{CBFF2190-4A7D-4F1B-A45B-936CC2931931}.Debug|iPhone.ActiveCfg = Debug|Any CPU
		{CBFF2190-4A7D-4F1B-A45B-936CC2931931}.Debug|iPhone.Build.0 = Debug|Any CPU
		{CBFF2190-4A7D-4F1B-A45B-936CC2931931}.Debug|iPhoneSimulator.ActiveCfg = Debug|Any CPU
		{CBFF2190-4A7D-4F1B-A45B-936CC2931931}.Debug|iPhoneSimulator.Build.0 = Debug|Any CPU
		{CBFF2190-4A7D-4F1B-A45B-936CC2931931}.Debug|x64.ActiveCfg = Debug|Any CPU
		{CBFF2190-4A7D-4F1B-A45B-936CC2931931}.Debug|x64.Build.0 = Debug|Any CPU
		{CBFF2190-4A7D-4F1B-A45B-936CC2931931}.Debug|x86.ActiveCfg = Debug|Any CPU
		{CBFF2190-4A7D-4F1B-A45B-936CC2931931}.Debug|x86.Build.0 = Debug|Any CPU
		{CBFF2190-4A7D-4F1B-A45B-936CC2931931}.Release|Any CPU.ActiveCfg = Release|Any CPU
		{CBFF2190-4A7D-4F1B-A45B-936CC2931931}.Release|Any CPU.Build.0 = Release|Any CPU
		{CBFF2190-4A7D-4F1B-A45B-936CC2931931}.Release|ARM.ActiveCfg = Release|Any CPU
		{CBFF2190-4A7D-4F1B-A45B-936CC2931931}.Release|ARM.Build.0 = Release|Any CPU
		{CBFF2190-4A7D-4F1B-A45B-936CC2931931}.Release|iPhone.ActiveCfg = Release|Any CPU
		{CBFF2190-4A7D-4F1B-A45B-936CC2931931}.Release|iPhone.Build.0 = Release|Any CPU
		{CBFF2190-4A7D-4F1B-A45B-936CC2931931}.Release|iPhoneSimulator.ActiveCfg = Release|Any CPU
		{CBFF2190-4A7D-4F1B-A45B-936CC2931931}.Release|iPhoneSimulator.Build.0 = Release|Any CPU
		{CBFF2190-4A7D-4F1B-A45B-936CC2931931}.Release|x64.ActiveCfg = Release|Any CPU
		{CBFF2190-4A7D-4F1B-A45B-936CC2931931}.Release|x64.Build.0 = Release|Any CPU
		{CBFF2190-4A7D-4F1B-A45B-936CC2931931}.Release|x86.ActiveCfg = Release|Any CPU
		{CBFF2190-4A7D-4F1B-A45B-936CC2931931}.Release|x86.Build.0 = Release|Any CPU
		{B6E9F6C9-0BF6-4D2A-81FA-4650C5E9B0F3}.Ad-Hoc|Any CPU.ActiveCfg = Debug|Any CPU
		{B6E9F6C9-0BF6-4D2A-81FA-4650C5E9B0F3}.Ad-Hoc|Any CPU.Build.0 = Debug|Any CPU
		{B6E9F6C9-0BF6-4D2A-81FA-4650C5E9B0F3}.Ad-Hoc|ARM.ActiveCfg = Debug|Any CPU
		{B6E9F6C9-0BF6-4D2A-81FA-4650C5E9B0F3}.Ad-Hoc|ARM.Build.0 = Debug|Any CPU
		{B6E9F6C9-0BF6-4D2A-81FA-4650C5E9B0F3}.Ad-Hoc|iPhone.ActiveCfg = Debug|Any CPU
		{B6E9F6C9-0BF6-4D2A-81FA-4650C5E9B0F3}.Ad-Hoc|iPhone.Build.0 = Debug|Any CPU
		{B6E9F6C9-0BF6-4D2A-81FA-4650C5E9B0F3}.Ad-Hoc|iPhoneSimulator.ActiveCfg = Debug|Any CPU
		{B6E9F6C9-0BF6-4D2A-81FA-4650C5E9B0F3}.Ad-Hoc|iPhoneSimulator.Build.0 = Debug|Any CPU
		{B6E9F6C9-0BF6-4D2A-81FA-4650C5E9B0F3}.Ad-Hoc|x64.ActiveCfg = Debug|Any CPU
		{B6E9F6C9-0BF6-4D2A-81FA-4650C5E9B0F3}.Ad-Hoc|x64.Build.0 = Debug|Any CPU
		{B6E9F6C9-0BF6-4D2A-81FA-4650C5E9B0F3}.Ad-Hoc|x86.ActiveCfg = Debug|Any CPU
		{B6E9F6C9-0BF6-4D2A-81FA-4650C5E9B0F3}.Ad-Hoc|x86.Build.0 = Debug|Any CPU
		{B6E9F6C9-0BF6-4D2A-81FA-4650C5E9B0F3}.AppStore|Any CPU.ActiveCfg = Debug|Any CPU
		{B6E9F6C9-0BF6-4D2A-81FA-4650C5E9B0F3}.AppStore|Any CPU.Build.0 = Debug|Any CPU
		{B6E9F6C9-0BF6-4D2A-81FA-4650C5E9B0F3}.AppStore|ARM.ActiveCfg = Debug|Any CPU
		{B6E9F6C9-0BF6-4D2A-81FA-4650C5E9B0F3}.AppStore|ARM.Build.0 = Debug|Any CPU
		{B6E9F6C9-0BF6-4D2A-81FA-4650C5E9B0F3}.AppStore|iPhone.ActiveCfg = Debug|Any CPU
		{B6E9F6C9-0BF6-4D2A-81FA-4650C5E9B0F3}.AppStore|iPhone.Build.0 = Debug|Any CPU
		{B6E9F6C9-0BF6-4D2A-81FA-4650C5E9B0F3}.AppStore|iPhoneSimulator.ActiveCfg = Debug|Any CPU
		{B6E9F6C9-0BF6-4D2A-81FA-4650C5E9B0F3}.AppStore|iPhoneSimulator.Build.0 = Debug|Any CPU
		{B6E9F6C9-0BF6-4D2A-81FA-4650C5E9B0F3}.AppStore|x64.ActiveCfg = Debug|Any CPU
		{B6E9F6C9-0BF6-4D2A-81FA-4650C5E9B0F3}.AppStore|x64.Build.0 = Debug|Any CPU
		{B6E9F6C9-0BF6-4D2A-81FA-4650C5E9B0F3}.AppStore|x86.ActiveCfg = Debug|Any CPU
		{B6E9F6C9-0BF6-4D2A-81FA-4650C5E9B0F3}.AppStore|x86.Build.0 = Debug|Any CPU
		{B6E9F6C9-0BF6-4D2A-81FA-4650C5E9B0F3}.Debug|Any CPU.ActiveCfg = Debug|Any CPU
		{B6E9F6C9-0BF6-4D2A-81FA-4650C5E9B0F3}.Debug|Any CPU.Build.0 = Debug|Any CPU
		{B6E9F6C9-0BF6-4D2A-81FA-4650C5E9B0F3}.Debug|ARM.ActiveCfg = Debug|Any CPU
		{B6E9F6C9-0BF6-4D2A-81FA-4650C5E9B0F3}.Debug|ARM.Build.0 = Debug|Any CPU
		{B6E9F6C9-0BF6-4D2A-81FA-4650C5E9B0F3}.Debug|iPhone.ActiveCfg = Debug|Any CPU
		{B6E9F6C9-0BF6-4D2A-81FA-4650C5E9B0F3}.Debug|iPhone.Build.0 = Debug|Any CPU
		{B6E9F6C9-0BF6-4D2A-81FA-4650C5E9B0F3}.Debug|iPhoneSimulator.ActiveCfg = Debug|Any CPU
		{B6E9F6C9-0BF6-4D2A-81FA-4650C5E9B0F3}.Debug|iPhoneSimulator.Build.0 = Debug|Any CPU
		{B6E9F6C9-0BF6-4D2A-81FA-4650C5E9B0F3}.Debug|x64.ActiveCfg = Debug|Any CPU
		{B6E9F6C9-0BF6-4D2A-81FA-4650C5E9B0F3}.Debug|x64.Build.0 = Debug|Any CPU
		{B6E9F6C9-0BF6-4D2A-81FA-4650C5E9B0F3}.Debug|x86.ActiveCfg = Debug|Any CPU
		{B6E9F6C9-0BF6-4D2A-81FA-4650C5E9B0F3}.Debug|x86.Build.0 = Debug|Any CPU
		{B6E9F6C9-0BF6-4D2A-81FA-4650C5E9B0F3}.Release|Any CPU.ActiveCfg = Release|Any CPU
		{B6E9F6C9-0BF6-4D2A-81FA-4650C5E9B0F3}.Release|Any CPU.Build.0 = Release|Any CPU
		{B6E9F6C9-0BF6-4D2A-81FA-4650C5E9B0F3}.Release|ARM.ActiveCfg = Release|Any CPU
		{B6E9F6C9-0BF6-4D2A-81FA-4650C5E9B0F3}.Release|ARM.Build.0 = Release|Any CPU
		{B6E9F6C9-0BF6-4D2A-81FA-4650C5E9B0F3}.Release|iPhone.ActiveCfg = Release|Any CPU
		{B6E9F6C9-0BF6-4D2A-81FA-4650C5E9B0F3}.Release|iPhone.Build.0 = Release|Any CPU
		{B6E9F6C9-0BF6-4D2A-81FA-4650C5E9B0F3}.Release|iPhoneSimulator.ActiveCfg = Release|Any CPU
		{B6E9F6C9-0BF6-4D2A-81FA-4650C5E9B0F3}.Release|iPhoneSimulator.Build.0 = Release|Any CPU
		{B6E9F6C9-0BF6-4D2A-81FA-4650C5E9B0F3}.Release|x64.ActiveCfg = Release|Any CPU
		{B6E9F6C9-0BF6-4D2A-81FA-4650C5E9B0F3}.Release|x64.Build.0 = Release|Any CPU
		{B6E9F6C9-0BF6-4D2A-81FA-4650C5E9B0F3}.Release|x86.ActiveCfg = Release|Any CPU
		{B6E9F6C9-0BF6-4D2A-81FA-4650C5E9B0F3}.Release|x86.Build.0 = Release|Any CPU
	EndGlobalSection
	GlobalSection(SolutionProperties) = preSolution
		HideSolutionNode = FALSE
	EndGlobalSection
	GlobalSection(ExtensibilityGlobals) = postSolution
		SolutionGuid = {B684ECAE-5BC4-4409-8C2C-9335B6F848C6}
	EndGlobalSection
EndGlobal
