
Microsoft Visual Studio Solution File, Format Version 12.00
# Visual Studio 15
Project("{FAE04EC0-301F-11D3-BF4B-00C04F79EFBC}") = "timeDateCalculator.iOS", "timeDateCalculator.iOS.csproj", "{0A0A2B0F-8985-4638-84E4-B6376F0BC5C4}"
EndProject
Global
	GlobalSection(SolutionConfigurationPlatforms) = preSolution
		Debug|iPhoneSimulator = Debug|iPhoneSimulator
		Release|iPhoneSimulator = Release|iPhoneSimulator
		Debug|iPhone = Debug|iPhone
		Release|iPhone = Release|iPhone
		Ad-Hoc|iPhone = Ad-Hoc|iPhone
		AppStore|iPhone = AppStore|iPhone
	EndGlobalSection
	GlobalSection(ProjectConfigurationPlatforms) = postSolution
		{0A0A2B0F-8985-4638-84E4-B6376F0BC5C4}.Debug|iPhoneSimulator.ActiveCfg = Debug|iPhoneSimulator
		{0A0A2B0F-8985-4638-84E4-B6376F0BC5C4}.Debug|iPhoneSimulator.Build.0 = Debug|iPhoneSimulator
		{0A0A2B0F-8985-4638-84E4-B6376F0BC5C4}.Release|iPhoneSimulator.ActiveCfg = Release|iPhoneSimulator
		{0A0A2B0F-8985-4638-84E4-B6376F0BC5C4}.Release|iPhoneSimulator.Build.0 = Release|iPhoneSimulator
		{0A0A2B0F-8985-4638-84E4-B6376F0BC5C4}.Debug|iPhone.ActiveCfg = Debug|iPhone
		{0A0A2B0F-8985-4638-84E4-B6376F0BC5C4}.Debug|iPhone.Build.0 = Debug|iPhone
		{0A0A2B0F-8985-4638-84E4-B6376F0BC5C4}.Release|iPhone.ActiveCfg = Release|iPhone
		{0A0A2B0F-8985-4638-84E4-B6376F0BC5C4}.Release|iPhone.Build.0 = Release|iPhone
		{0A0A2B0F-8985-4638-84E4-B6376F0BC5C4}.Ad-Hoc|iPhone.ActiveCfg = Ad-Hoc|iPhone
		{0A0A2B0F-8985-4638-84E4-B6376F0BC5C4}.Ad-Hoc|iPhone.Build.0 = Ad-Hoc|iPhone
		{0A0A2B0F-8985-4638-84E4-B6376F0BC5C4}.AppStore|iPhone.ActiveCfg = AppStore|iPhone
		{0A0A2B0F-8985-4638-84E4-B6376F0BC5C4}.AppStore|iPhone.Build.0 = AppStore|iPhone
	EndGlobalSection
EndGlobal
